<?xml version="1.0" encoding="UTF-8" standalone="yes" ?>
<CodeBlocks_project_file>
	<FileVersion major="1" minor="6" />
	<Project>
		<Option title="DummyPacketTest" />
		<Option pch_mode="2" />
		<Option compiler="gcc" />
		<Build>
			<Target title="Debug">
				<Option output="bin/Debug/DummyPacketTest" prefix_auto="1" extension_auto="1" />
				<Option object_output="obj/Debug/" />
				<Option external_deps="../Client_pc_colore/libws2_32.a;" />
				<Option type="1" />
				<Option compiler="gcc" />
				<Compiler>
					<Add option="-g" />
				</Compiler>
				<Linker>
					<Add option="-lws2_32" />
					<Add library="../Client_pc_colore/libws2_32.a" />
				</Linker>
			</Target>
			<Target title="Release">
				<Option output="bin/Release/DummyPacketTest" prefix_auto="1" extension_auto="1" />
				<Option object_output="obj/Release/" />
				<Option external_deps="../Client_pc_colore/libws2_32.a;" />
				<Option type="1" />
				<Option compiler="gcc" />
				<Compiler>
					<Add option="-O2" />
				</Compiler>
				<Linker>
					<Add option="-s" />
					<Add library="../Client_pc_colore/libws2_32.a" />
					<Add directory="../Client_pc_colore" />
				</Linker>
			</Target>
		</Build>
		<Compiler>
			<Add option="-Wall" />
			<Add option="-fexceptions -Wunused-function" />
		</Compiler>
		<Linker>
			<Add directory="../Client_pc_colore" />
		</Linker>
		<Unit filename="../Client_pc_colore/hybrid_socket.c">
			<Option compilerVar="CC" />
		</Unit>
		<Unit filename="../Client_pc_colore/hybrid_socket.h" />
		<Unit filename="dummy.c">
			<Option compilerVar="CC" />
		</Unit>
		<Unit filename="dummy.h">
			<Option target="&lt;{~None~}&gt;" />
		</Unit>
		<Unit filename="main.c">
			<Option compilerVar="CC" />
		</Unit>
		<Extensions>
			<code_completion />
			<envvars />
			<debugger />
			<lib_finder disable_auto="1" />
		</Extensions>
	</Project>
</CodeBlocks_project_file>
