
Microsoft Visual Studio Solution File, Format Version 10.00
# Visual Studio 2008
Project("{8BC9CEB8-8B4A-11D0-8D11-00A0C91BC942}") = "lib_time_measurements", "lib_time_measurements.vcproj", "{BAC1CFB1-04F6-4E0F-97F0-0B97DB867C0B}"
EndProject
Global
	GlobalSection(SolutionConfigurationPlatforms) = preSolution
		Debug|Win32 = Debug|Win32
		Release|Win32 = Release|Win32
	EndGlobalSection
	GlobalSection(ProjectConfigurationPlatforms) = postSolution
		{BAC1CFB1-04F6-4E0F-97F0-0B97DB867C0B}.Debug|Win32.ActiveCfg = Debug|Win32
		{BAC1CFB1-04F6-4E0F-97F0-0B97DB867C0B}.Debug|Win32.Build.0 = Debug|Win32
		{BAC1CFB1-04F6-4E0F-97F0-0B97DB867C0B}.Release|Win32.ActiveCfg = Release|Win32
		{BAC1CFB1-04F6-4E0F-97F0-0B97DB867C0B}.Release|Win32.Build.0 = Release|Win32
	EndGlobalSection
	GlobalSection(SolutionProperties) = preSolution
		HideSolutionNode = FALSE
	EndGlobalSection
EndGlobal
